{
  "requires": true,
  "lockfileVersion": 1,
  "dependencies": {
    "angular-print": {
      "version": "0.3.8",
      "resolved": "https://registry.npmjs.org/angular-print/-/angular-print-0.3.8.tgz",
      "integrity": "sha512-FUqgDOrKZ4YGkHjep+Z+hYzKBmE5X7EIFxEnpXAjb5AEjENUvAx8cbzWJYfaOArDsmrlsfBciTlOxPA9Wq0Qsg=="
    }
  }
}
